// !$*UTF8*$!
{
	archiveVersion = 1;
	classes = {
	};
	objectVersion = 46;
	objects = {

/* Begin PBXBuildFile section */
		2C70C80C1E3C5F1B00A97CDA /* AppDelegate.swift in Sources */ = {isa = PBXBuildFile; fileRef = 2C70C80B1E3C5F1B00A97CDA /* AppDelegate.swift */; };
		2C70C80E1E3C5F1B00A97CDA /* ViewController.swift in Sources */ = {isa = PBXBuildFile; fileRef = 2C70C80D1E3C5F1B00A97CDA /* ViewController.swift */; };
		2C70C8111E3C5F1B00A97CDA /* Main.storyboard in Resources */ = {isa = PBXBuildFile; fileRef = 2C70C80F1E3C5F1B00A97CDA /* Main.storyboard */; };
		2C70C8131E3C5F1B00A97CDA /* Assets.xcassets in Resources */ = {isa = PBXBuildFile; fileRef = 2C70C8121E3C5F1B00A97CDA /* Assets.xcassets */; };
		2C70C8161E3C5F1B00A97CDA /* LaunchScreen.storyboard in Resources */ = {isa = PBXBuildFile; fileRef = 2C70C8141E3C5F1B00A97CDA /* LaunchScreen.storyboard */; };
/* End PBXBuildFile section */

/* Begin PBXFileReference section */
		2C70C8081E3C5F1B00A97CDA /* MyQuizWith3.app */ = {isa = PBXFileReference; explicitFileType = wrapper.application; includeInIndex = 0; path = MyQuizWith3.app; sourceTree = BUILT_PRODUCTS_DIR; };
		2C70C80B1E3C5F1B00A97CDA /* AppDelegate.swift */ = {isa = PBXFileReference; lastKnownFileType = sourcecode.swift; path = AppDelegate.swift; sourceTree = "<group>"; };
		2C70C80D1E3C5F1B00A97CDA /* ViewController.swift */ = {isa = PBXFileReference; lastKnownFileType = sourcecode.swift; path = ViewController.swift; sourceTree = "<group>"; };
		2C70C8101E3C5F1B00A97CDA /* Base */ = {isa = PBXFileReference; lastKnownFileType = file.storyboard; name = Base; path = Base.lproj/Main.storyboard; sourceTree = "<group>"; };
		2C70C8121E3C5F1B00A97CDA /* Assets.xcassets */ = {isa = PBXFileReference; lastKnownFileType = folder.assetcatalog; path = Assets.xcassets; sourceTree = "<group>"; };
		2C70C8151E3C5F1B00A97CDA /* Base */ = {isa = PBXFileReference; lastKnownFileType = file.storyboard; name = Base; path = Base.lproj/LaunchScreen.storyboard; sourceTree = "<group>"; };
		2C70C8171E3C5F1B00A97CDA /* Info.plist */ = {isa = PBXFileReference; lastKnownFileType = text.plist.xml; path = Info.plist; sourceTree = "<group>"; };
/* End PBXFileReference section */

/* Begin PBXFrameworksBuildPhase section */
		2C70C8051E3C5F1B00A97CDA /* Frameworks */ = {
			isa = PBXFrameworksBuildPhase;
			buildActionMask = 2147483647;
			files = (
			);
			runOnlyForDeploymentPostprocessing = 0;
		};
/* End PBXFrameworksBuildPhase section */

/* Begin PBXGroup section */
		2C70C7FF1E3C5F1B00A97CDA = {
			isa = PBXGroup;
			children = (
				2C70C80A1E3C5F1B00A97CDA /* MyQuizWith3 */,
				2C70C8091E3C5F1B00A97CDA /* Products */,
			);
			sourceTree = "<group>";
		};
		2C70C8091E3C5F1B00A97CDA /* Products */ = {
			isa = PBXGroup;
			children = (
				2C70C8081E3C5F1B00A97CDA /* MyQuizWith3.app */,
			);
			name = Products;
			sourceTree = "<group>";
		};
		2C70C80A1E3C5F1B00A97CDA /* MyQuizWith3 */ = {
			isa = PBXGroup;
			children = (
				2C70C80B1E3C5F1B00A97CDA /* AppDelegate.swift */,
				2C70C80D1E3C5F1B00A97CDA /* ViewController.swift */,
				2C70C80F1E3C5F1B00A97CDA /* Main.storyboard */,
				2C70C8121E3C5F1B00A97CDA /* Assets.xcassets */,
				2C70C8141E3C5F1B00A97CDA /* LaunchScreen.storyboard */,
				2C70C8171E3C5F1B00A97CDA /* Info.plist */,
			);
			path = MyQuizWith3;
			sourceTree = "<group>";
		};
/* End PBXGroup section */

/* Begin PBXNativeTarget section */
		2C70C8071E3C5F1B00A97CDA /* MyQuizWith3 */ = {
			isa = PBXNativeTarget;
			buildConfigurationList = 2C70C81A1E3C5F1B00A97CDA /* Build configuration list for PBXNativeTarget "MyQuizWith3" */;
			buildPhases = (
				2C70C8041E3C5F1B00A97CDA /* Sources */,
				2C70C8051E3C5F1B00A97CDA /* Frameworks */,
				2C70C8061E3C5F1B00A97CDA /* Resources */,
			);
			buildRules = (
			);
			dependencies = (
			);
			name = MyQuizWith3;
			productName = MyQuizWith3;
			productReference = 2C70C8081E3C5F1B00A97CDA /* MyQuizWith3.app */;
			productType = "com.apple.product-type.application";
		};
/* End PBXNativeTarget section */

/* Begin PBXProject section */
		2C70C8001E3C5F1B00A97CDA /* Project object */ = {
			isa = PBXProject;
			attributes = {
				LastSwiftUpdateCheck = 0820;
				LastUpgradeCheck = 0820;
				ORGANIZATIONNAME = otukutun;
				TargetAttributes = {
					2C70C8071E3C5F1B00A97CDA = {
						CreatedOnToolsVersion = 8.2;
						DevelopmentTeam = BMYK56U646;
						ProvisioningStyle = Automatic;
					};
				};
			};
			buildConfigurationList = 2C70C8031E3C5F1B00A97CDA /* Build configuration list for PBXProject "MyQuizWith3" */;
			compatibilityVersion = "Xcode 3.2";
			developmentRegion = English;
			hasScannedForEncodings = 0;
			knownRegions = (
				en,
				Base,
			);
			mainGroup = 2C70C7FF1E3C5F1B00A97CDA;
			productRefGroup = 2C70C8091E3C5F1B00A97CDA /* Products */;
			projectDirPath = "";
			projectRoot = "";
			targets = (
				2C70C8071E3C5F1B00A97CDA /* MyQuizWith3 */,
			);
		};
/* End PBXProject section */

/* Begin PBXResourcesBuildPhase section */
		2C70C8061E3C5F1B00A97CDA /* Resources */ = {
			isa = PBXResourcesBuildPhase;
			buildActionMask = 2147483647;
			files = (
				2C70C8161E3C5F1B00A97CDA /* LaunchScreen.storyboard in Resources */,
				2C70C8131E3C5F1B00A97CDA /* Assets.xcassets in Resources */,
				2C70C8111E3C5F1B00A97CDA /* Main.storyboard in Resources */,
			);
			runOnlyForDeploymentPostprocessing = 0;
		};
/* End PBXResourcesBuildPhase section */

/* Begin PBXSourcesBuildPhase section */
		2C70C8041E3C5F1B00A97CDA /* Sources */ = {
			isa = PBXSourcesBuildPhase;
			buildActionMask = 2147483647;
			files = (
				2C70C80E1E3C5F1B00A97CDA /* ViewController.swift in Sources */,
				2C70C80C1E3C5F1B00A97CDA /* AppDelegate.swift in Sources */,
			);
			runOnlyForDeploymentPostprocessing = 0;
		};
/* End PBXSourcesBuildPhase section */

/* Begin PBXVariantGroup section */
		2C70C80F1E3C5F1B00A97CDA /* Main.storyboard */ = {
			isa = PBXVariantGroup;
			children = (
				2C70C8101E3C5F1B00A97CDA /* Base */,
			);
			name = Main.storyboard;
			sourceTree = "<group>";
		};
		2C70C8141E3C5F1B00A97CDA /* LaunchScreen.storyboard */ = {
			isa = PBXVariantGroup;
			children = (
				2C70C8151E3C5F1B00A97CDA /* Base */,
			);
			name = LaunchScreen.storyboard;
			sourceTree = "<group>";
		};
/* End PBXVariantGroup section */

/* Begin XCBuildConfiguration section */
		2C70C8181E3C5F1B00A97CDA /* Debug */ = {
			isa = XCBuildConfiguration;
			buildSettings = {
				ALWAYS_SEARCH_USER_PATHS = NO;
				CLANG_ANALYZER_NONNULL = YES;
				CLANG_CXX_LANGUAGE_STANDARD = "gnu++0x";
				CLANG_CXX_LIBRARY = "libc++";
				CLANG_ENABLE_MODULES = YES;
				CLANG_ENABLE_OBJC_ARC = YES;
				CLANG_WARN_BOOL_CONVERSION = YES;
				CLANG_WARN_CONSTANT_CONVERSION = YES;
				CLANG_WARN_DIRECT_OBJC_ISA_USAGE = YES_ERROR;
				CLANG_WARN_DOCUMENTATION_COMMENTS = YES;
				CLANG_WARN_EMPTY_BODY = YES;
				CLANG_WARN_ENUM_CONVERSION = YES;
				CLANG_WARN_INFINITE_RECURSION = YES;
				CLANG_WARN_INT_CONVERSION = YES;
				CLANG_WARN_OBJC_ROOT_CLASS = YES_ERROR;
				CLANG_WARN_SUSPICIOUS_MOVE = YES;
				CLANG_WARN_UNREACHABLE_CODE = YES;
				CLANG_WARN__DUPLICATE_METHOD_MATCH = YES;
				"CODE_SIGN_IDENTITY[sdk=iphoneos*]" = "iPhone Developer";
				COPY_PHASE_STRIP = NO;
				DEBUG_INFORMATION_FORMAT = dwarf;
				ENABLE_STRICT_OBJC_MSGSEND = YES;
				ENABLE_TESTABILITY = YES;
				GCC_C_LANGUAGE_STANDARD = gnu99;
				GCC_DYNAMIC_NO_PIC = NO;
				GCC_NO_COMMON_BLOCKS = YES;
				GCC_OPTIMIZATION_LEVEL = 0;
				GCC_PREPROCESSOR_DEFINITIONS = (
					"DEBUG=1",
					"$(inherited)",
				);
				GCC_WARN_64_TO_32_BIT_CONVERSION = YES;
				GCC_WARN_ABOUT_RETURN_TYPE = YES_ERROR;
				GCC_WARN_UNDECLARED_SELECTOR = YES;
				GCC_WARN_UNINITIALIZED_AUTOS = YES_AGGRESSIVE;
				GCC_WARN_UNUSED_FUNCTION = YES;
				GCC_WARN_UNUSED_VARIABLE = YES;
				IPHONEOS_DEPLOYMENT_TARGET = 10.2;
				MTL_ENABLE_DEBUG_INFO = YES;
				ONLY_ACTIVE_ARCH = YES;
				SDKROOT = iphoneos;
				SWIFT_ACTIVE_COMPILATION_CONDITIONS = DEBUG;
				SWIFT_OPTIMIZATION_LEVEL = "-Onone";
			};
			name = Debug;
		};
		2C70C8191E3C5F1B00A97CDA /* Release */ = {
			isa = XCBuildConfiguration;
			buildSettings = {
				ALWAYS_SEARCH_USER_PATHS = NO;
				CLANG_ANALYZER_NONNULL = YES;
				CLANG_CXX_LANGUAGE_STANDARD = "gnu++0x";
				CLANG_CXX_LIBRARY = "libc++";
				CLANG_ENABLE_MODULES = YES;
				CLANG_ENABLE_OBJC_ARC = YES;
				CLANG_WARN_BOOL_CONVERSION = YES;
				CLANG_WARN_CONSTANT_CONVERSION = YES;
				CLANG_WARN_DIRECT_OBJC_ISA_USAGE = YES_ERROR;
				CLANG_WARN_DOCUMENTATION_COMMENTS = YES;
				CLANG_WARN_EMPTY_BODY = YES;
				CLANG_WARN_ENUM_CONVERSION = YES;
				CLANG_WARN_INFINITE_RECURSION = YES;
				CLANG_WARN_INT_CONVERSION = YES;
				CLANG_WARN_OBJC_ROOT_CLASS = YES_ERROR;
				CLANG_WARN_SUSPICIOUS_MOVE = YES;
				CLANG_WARN_UNREACHABLE_CODE = YES;
				CLANG_WARN__DUPLICATE_METHOD_MATCH = YES;
				"CODE_SIGN_IDENTITY[sdk=iphoneos*]" = "iPhone Developer";
				COPY_PHASE_STRIP = NO;
				DEBUG_INFORMATION_FORMAT = "dwarf-with-dsym";
				ENABLE_NS_ASSERTIONS = NO;
				ENABLE_STRICT_OBJC_MSGSEND = YES;
				GCC_C_LANGUAGE_STANDARD = gnu99;
				GCC_NO_COMMON_BLOCKS = YES;
				GCC_WARN_64_TO_32_BIT_CONVERSION = YES;
				GCC_WARN_ABOUT_RETURN_TYPE = YES_ERROR;
				GCC_WARN_UNDECLARED_SELECTOR = YES;
				GCC_WARN_UNINITIALIZED_AUTOS = YES_AGGRESSIVE;
				GCC_WARN_UNUSED_FUNCTION = YES;
				GCC_WARN_UNUSED_VARIABLE = YES;
				IPHONEOS_DEPLOYMENT_TARGET = 10.2;
				MTL_ENABLE_DEBUG_INFO = NO;
				SDKROOT = iphoneos;
				SWIFT_OPTIMIZATION_LEVEL = "-Owholemodule";
				VALIDATE_PRODUCT = YES;
			};
			name = Release;
		};
		2C70C81B1E3C5F1B00A97CDA /* Debug */ = {
			isa = XCBuildConfiguration;
			buildSettings = {
				ASSETCATALOG_COMPILER_APPICON_NAME = AppIcon;
				DEVELOPMENT_TEAM = BMYK56U646;
				INFOPLIST_FILE = MyQuizWith3/Info.plist;
				LD_RUNPATH_SEARCH_PATHS = "$(inherited) @executable_path/Frameworks";
				PRODUCT_BUNDLE_IDENTIFIER = jp.techacademy.otukutun.MyQuizWith3;
				PRODUCT_NAME = "$(TARGET_NAME)";
				SWIFT_VERSION = 3.0;
			};
			name = Debug;
		};
		2C70C81C1E3C5F1B00A97CDA /* Release */ = {
			isa = XCBuildConfiguration;
			buildSettings = {
				ASSETCATALOG_COMPILER_APPICON_NAME = AppIcon;
				DEVELOPMENT_TEAM = BMYK56U646;
				INFOPLIST_FILE = MyQuizWith3/Info.plist;
				LD_RUNPATH_SEARCH_PATHS = "$(inherited) @executable_path/Frameworks";
				PRODUCT_BUNDLE_IDENTIFIER = jp.techacademy.otukutun.MyQuizWith3;
				PRODUCT_NAME = "$(TARGET_NAME)";
				SWIFT_VERSION = 3.0;
			};
			name = Release;
		};
/* End XCBuildConfiguration section */

/* Begin XCConfigurationList section */
		2C70C8031E3C5F1B00A97CDA /* Build configuration list for PBXProject "MyQuizWith3" */ = {
			isa = XCConfigurationList;
			buildConfigurations = (
				2C70C8181E3C5F1B00A97CDA /* Debug */,
				2C70C8191E3C5F1B00A97CDA /* Release */,
			);
			defaultConfigurationIsVisible = 0;
			defaultConfigurationName = Release;
		};
		2C70C81A1E3C5F1B00A97CDA /* Build configuration list for PBXNativeTarget "MyQuizWith3" */ = {
			isa = XCConfigurationList;
			buildConfigurations = (
				2C70C81B1E3C5F1B00A97CDA /* Debug */,
				2C70C81C1E3C5F1B00A97CDA /* Release */,
			);
			defaultConfigurationIsVisible = 0;
		};
/* End XCConfigurationList section */
	};
	rootObject = 2C70C8001E3C5F1B00A97CDA /* Project object */;
}
